PODS:
  - ApphudSDK (0.9.8)
  - ColorSlider (4.4)
  - WhatsNewKit (1.3.0)
  - YandexMobileMetrica (3.7.1):
    - YandexMobileMetrica/Static (= 3.7.1)
  - YandexMobileMetrica/Static (3.7.1):
    - YandexMobileMetrica/Static/Core (= 3.7.1)
    - YandexMobileMetrica/Static/Crashes (= 3.7.1)
  - YandexMobileMetrica/Static/Core (3.7.1)
  - YandexMobileMetrica/Static/Crashes (3.7.1):
    - YandexMobileMetrica/Static/Core

DEPENDENCIES:
  - ApphudSDK
  - ColorSlider (~> 4.4)
  - WhatsNewKit
  - YandexMobileMetrica (= 3.7.1)

SPEC REPOS:
  https://github.com/CocoaPods/Specs.git:
    - ColorSlider
    - WhatsNewKit
    - YandexMobileMetrica
  trunk:
    - ApphudSDK

SPEC CHECKSUMS:
  ApphudSDK: cbf8bbbe855ff2bdcfc834f8a59a7323018c485b
  ColorSlider: 9a888e65b871fa1e6a26fadebf4931c949935681
  WhatsNewKit: 7ec83c4ab2240605c3af63e302ede1310ab366be
  YandexMobileMetrica: 95e93ee5af38520c9e470533dc8df6cf72fa171d

PODFILE CHECKSUM: 98ac8c7304efaf7923485fa9db277d6a520340b9

COCOAPODS: 1.8.4
