// !$*UTF8*$!
{
	archiveVersion = 1;
	classes = {
	};
	objectVersion = 51;
	objects = {

/* Begin PBXBuildFile section */
		19E19C93B01250E78C8EBDFB /* Pods_WeatherClothes.framework in Frameworks */ = {isa = PBXBuildFile; fileRef = 3AC420B1EE9F9BC8F8D5A419 /* Pods_WeatherClothes.framework */; };
		A006C2332337916800B2A8F6 /* InfoPlist.strings in Resources */ = {isa = PBXBuildFile; fileRef = A006C2352337916800B2A8F6 /* InfoPlist.strings */; };
		A007981D237562170090033C /* Localizable.strings in Resources */ = {isa = PBXBuildFile; fileRef = A007981F237562170090033C /* Localizable.strings */; };
		A00928B4231ECE46002F9D2A /* Main.storyboard in Resources */ = {isa = PBXBuildFile; fileRef = A00928B3231ECE46002F9D2A /* Main.storyboard */; };
		A0186BFC2377E22400294330 /* NotificationSettings.swift in Sources */ = {isa = PBXBuildFile; fileRef = A0186BFB2377E22400294330 /* NotificationSettings.swift */; };
		A01EA18323564824002F7850 /* SubscriptionView.xib in Resources */ = {isa = PBXBuildFile; fileRef = A01EA18223564824002F7850 /* SubscriptionView.xib */; };
		A0285587234E5C18003AC1DA /* ColorCollectionViewCell.swift in Sources */ = {isa = PBXBuildFile; fileRef = A0285585234E5C18003AC1DA /* ColorCollectionViewCell.swift */; };
		A0285588234E5C18003AC1DA /* ColorCollectionViewCell.xib in Resources */ = {isa = PBXBuildFile; fileRef = A0285586234E5C18003AC1DA /* ColorCollectionViewCell.xib */; };
		A04C128F22FC811A00C82372 /* ResultTableViewCell.swift in Sources */ = {isa = PBXBuildFile; fileRef = A04C128D22FC811A00C82372 /* ResultTableViewCell.swift */; };
		A04C129022FC811A00C82372 /* ResultTableViewCell.xib in Resources */ = {isa = PBXBuildFile; fileRef = A04C128E22FC811A00C82372 /* ResultTableViewCell.xib */; };
		A056C6532317A858003B83D3 /* HeaderView.swift in Sources */ = {isa = PBXBuildFile; fileRef = A056C6522317A858003B83D3 /* HeaderView.swift */; };
		A056C6552317A869003B83D3 /* HeaderView.xib in Resources */ = {isa = PBXBuildFile; fileRef = A056C6542317A869003B83D3 /* HeaderView.xib */; };
		A0698AF02377E94500DCE5C9 /* NotificationSettings.xib in Resources */ = {isa = PBXBuildFile; fileRef = A0698AEF2377E94500DCE5C9 /* NotificationSettings.xib */; };
		A0698AF32377EDEC00DCE5C9 /* NotificationTableViewCell.swift in Sources */ = {isa = PBXBuildFile; fileRef = A0698AF12377EDEC00DCE5C9 /* NotificationTableViewCell.swift */; };
		A0698AF42377EDEC00DCE5C9 /* NotificationTableViewCell.xib in Resources */ = {isa = PBXBuildFile; fileRef = A0698AF22377EDEC00DCE5C9 /* NotificationTableViewCell.xib */; };
		A0698AF72377EFEB00DCE5C9 /* SetValueTableViewCell.swift in Sources */ = {isa = PBXBuildFile; fileRef = A0698AF52377EFEB00DCE5C9 /* SetValueTableViewCell.swift */; };
		A0698AF82377EFEB00DCE5C9 /* SetValueTableViewCell.xib in Resources */ = {isa = PBXBuildFile; fileRef = A0698AF62377EFEB00DCE5C9 /* SetValueTableViewCell.xib */; };
		A0698AFB2377F14500DCE5C9 /* TimePickerTableViewCell.swift in Sources */ = {isa = PBXBuildFile; fileRef = A0698AF92377F14500DCE5C9 /* TimePickerTableViewCell.swift */; };
		A0698AFC2377F14500DCE5C9 /* TimePickerTableViewCell.xib in Resources */ = {isa = PBXBuildFile; fileRef = A0698AFA2377F14500DCE5C9 /* TimePickerTableViewCell.xib */; };
		A0698AFF2377F28600DCE5C9 /* ButtonTableViewCell.swift in Sources */ = {isa = PBXBuildFile; fileRef = A0698AFD2377F28600DCE5C9 /* ButtonTableViewCell.swift */; };
		A0698B002377F28600DCE5C9 /* ButtonTableViewCell.xib in Resources */ = {isa = PBXBuildFile; fileRef = A0698AFE2377F28600DCE5C9 /* ButtonTableViewCell.xib */; };
		A0773E10230D8B23007C202B /* Clothes.swift in Sources */ = {isa = PBXBuildFile; fileRef = A0773E0F230D8B23007C202B /* Clothes.swift */; };
		A0967FF7236809D00066B8E7 /* Notifications.swift in Sources */ = {isa = PBXBuildFile; fileRef = A0967FF6236809D00066B8E7 /* Notifications.swift */; };
		A0967FF923680E510066B8E7 /* 1234.png in Resources */ = {isa = PBXBuildFile; fileRef = A0967FF823680E510066B8E7 /* 1234.png */; };
		A099E223231D8777002AC664 /* HomeViewController.swift in Sources */ = {isa = PBXBuildFile; fileRef = A099E222231D8777002AC664 /* HomeViewController.swift */; };
		A0A678A823410772002C0134 /* AppDelegate.swift in Sources */ = {isa = PBXBuildFile; fileRef = A0EF386D22EC623500A980CC /* AppDelegate.swift */; };
		A0A678A923410772002C0134 /* AppDelegate.swift in Sources */ = {isa = PBXBuildFile; fileRef = A0EF386D22EC623500A980CC /* AppDelegate.swift */; };
		A0BCA53D230B077E00407757 /* ContainerViewController.swift in Sources */ = {isa = PBXBuildFile; fileRef = A0BCA53C230B077E00407757 /* ContainerViewController.swift */; };
		A0BCA53F230B078B00407757 /* MenuViewController.swift in Sources */ = {isa = PBXBuildFile; fileRef = A0BCA53E230B078B00407757 /* MenuViewController.swift */; };
		A0BCA546230B228C00407757 /* MenuTableViewCell.swift in Sources */ = {isa = PBXBuildFile; fileRef = A0BCA544230B228C00407757 /* MenuTableViewCell.swift */; };
		A0BCA547230B228C00407757 /* MenuTableViewCell.xib in Resources */ = {isa = PBXBuildFile; fileRef = A0BCA545230B228C00407757 /* MenuTableViewCell.xib */; };
		A0BF269823773886008D50E1 /* DoubleImageViewsView.swift in Sources */ = {isa = PBXBuildFile; fileRef = A0BF269723773886008D50E1 /* DoubleImageViewsView.swift */; };
		A0BF269A237738B5008D50E1 /* DoubleImageViewsView.xib in Resources */ = {isa = PBXBuildFile; fileRef = A0BF2699237738B5008D50E1 /* DoubleImageViewsView.xib */; };
		A0C37603234DEF1800E4604B /* TypeCollectionViewCell.swift in Sources */ = {isa = PBXBuildFile; fileRef = A0C37601234DEF1800E4604B /* TypeCollectionViewCell.swift */; };
		A0C37604234DEF1800E4604B /* TypeCollectionViewCell.xib in Resources */ = {isa = PBXBuildFile; fileRef = A0C37602234DEF1800E4604B /* TypeCollectionViewCell.xib */; };
		A0C37606234E314E00E4604B /* Clothe.swift in Sources */ = {isa = PBXBuildFile; fileRef = A0C37605234E314E00E4604B /* Clothe.swift */; };
		A0CD2FEE235211D60069D6FB /* InventoryViewController.swift in Sources */ = {isa = PBXBuildFile; fileRef = A0CD2FED235211D60069D6FB /* InventoryViewController.swift */; };
		A0DDFF74235E1CD000344ABB /* Assets.xcassets in Resources */ = {isa = PBXBuildFile; fileRef = A0DDFF73235E1CD000344ABB /* Assets.xcassets */; };
		A0DE2943237AF91A00B7E1B9 /* Appearance.swift in Sources */ = {isa = PBXBuildFile; fileRef = A0DE2942237AF91A00B7E1B9 /* Appearance.swift */; };
		A0E67C7123476285008D8926 /* Settings.swift in Sources */ = {isa = PBXBuildFile; fileRef = A0E67C7023476285008D8926 /* Settings.swift */; };
		A0E9BE182376EA65004C922D /* painting.gif in Resources */ = {isa = PBXBuildFile; fileRef = A0E9BE172376EA65004C922D /* painting.gif */; };
		A0EC77E523156B720080B7B1 /* Inventory.swift in Sources */ = {isa = PBXBuildFile; fileRef = A0EC77E423156B720080B7B1 /* Inventory.swift */; };
		A0EF386E22EC623500A980CC /* AppDelegate.swift in Sources */ = {isa = PBXBuildFile; fileRef = A0EF386D22EC623500A980CC /* AppDelegate.swift */; };
		A0EF387622EC623500A980CC /* WeatherClothes.xcdatamodeld in Sources */ = {isa = PBXBuildFile; fileRef = A0EF387422EC623500A980CC /* WeatherClothes.xcdatamodeld */; };
		A0EF387B22EC623700A980CC /* LaunchScreen.storyboard in Resources */ = {isa = PBXBuildFile; fileRef = A0EF387922EC623700A980CC /* LaunchScreen.storyboard */; };
		A0EF388622EC623700A980CC /* WeatherClothesTests.swift in Sources */ = {isa = PBXBuildFile; fileRef = A0EF388522EC623700A980CC /* WeatherClothesTests.swift */; };
		A0EF389122EC623700A980CC /* WeatherClothesUITests.swift in Sources */ = {isa = PBXBuildFile; fileRef = A0EF389022EC623700A980CC /* WeatherClothesUITests.swift */; };
		A0EF38A322EC628900A980CC /* API.swift in Sources */ = {isa = PBXBuildFile; fileRef = A0EF38A222EC628900A980CC /* API.swift */; };
		A0F270972354C78C00E3C814 /* ScrollableImagesView.xib in Resources */ = {isa = PBXBuildFile; fileRef = A0F270962354C78C00E3C814 /* ScrollableImagesView.xib */; };
		A0F270992354C7EA00E3C814 /* ScrollableImagesView.swift in Sources */ = {isa = PBXBuildFile; fileRef = A0F270982354C7EA00E3C814 /* ScrollableImagesView.swift */; };
		A0F3611222F992C400906528 /* Weather.swift in Sources */ = {isa = PBXBuildFile; fileRef = A0F3611122F992C400906528 /* Weather.swift */; };
		A0F3611722F9DBB900906528 /* InventoryTableViewCell.swift in Sources */ = {isa = PBXBuildFile; fileRef = A0F3611522F9DBB900906528 /* InventoryTableViewCell.swift */; };
		A0F3611822F9DBB900906528 /* InventoryTableViewCell.xib in Resources */ = {isa = PBXBuildFile; fileRef = A0F3611622F9DBB900906528 /* InventoryTableViewCell.xib */; };
		A0F3611A22FAA61A00906528 /* AddClotheViewController.swift in Sources */ = {isa = PBXBuildFile; fileRef = A0F3611922FAA61900906528 /* AddClotheViewController.swift */; };
		A11F0824115B0A669F775219 /* Pods_WeatherClothesUITests.framework in Frameworks */ = {isa = PBXBuildFile; fileRef = F0B22A9676C15D1160572CE3 /* Pods_WeatherClothesUITests.framework */; };
		C719080A8EDB5904B15243EB /* Pods_WeatherClothesTests.framework in Frameworks */ = {isa = PBXBuildFile; fileRef = 544036DED2AAB788A5EA1C21 /* Pods_WeatherClothesTests.framework */; };
/* End PBXBuildFile section */

/* Begin PBXContainerItemProxy section */
		A0EF388222EC623700A980CC /* PBXContainerItemProxy */ = {
			isa = PBXContainerItemProxy;
			containerPortal = A0EF386222EC623500A980CC /* Project object */;
			proxyType = 1;
			remoteGlobalIDString = A0EF386922EC623500A980CC;
			remoteInfo = WeatherClothes;
		};
		A0EF388D22EC623700A980CC /* PBXContainerItemProxy */ = {
			isa = PBXContainerItemProxy;
			containerPortal = A0EF386222EC623500A980CC /* Project object */;
			proxyType = 1;
			remoteGlobalIDString = A0EF386922EC623500A980CC;
			remoteInfo = WeatherClothes;
		};
/* End PBXContainerItemProxy section */

/* Begin PBXCopyFilesBuildPhase section */
		A041FD2B234CE53500303AA0 /* Embed App Extensions */ = {
			isa = PBXCopyFilesBuildPhase;
			buildActionMask = 2147483647;
			dstPath = "";
			dstSubfolderSpec = 13;
			files = (
			);
			name = "Embed App Extensions";
			runOnlyForDeploymentPostprocessing = 0;
		};
/* End PBXCopyFilesBuildPhase section */

/* Begin PBXFileReference section */
		0C970EDEF4A2F81CAD8E6E09 /* Pods-WeatherClothesUITests.release.xcconfig */ = {isa = PBXFileReference; includeInIndex = 1; lastKnownFileType = text.xcconfig; name = "Pods-WeatherClothesUITests.release.xcconfig"; path = "Target Support Files/Pods-WeatherClothesUITests/Pods-WeatherClothesUITests.release.xcconfig"; sourceTree = "<group>"; };
		37D71E9DC93CDCDFE048F598 /* Pods-WeatherClothesTests.debug.xcconfig */ = {isa = PBXFileReference; includeInIndex = 1; lastKnownFileType = text.xcconfig; name = "Pods-WeatherClothesTests.debug.xcconfig"; path = "Target Support Files/Pods-WeatherClothesTests/Pods-WeatherClothesTests.debug.xcconfig"; sourceTree = "<group>"; };
		3AC420B1EE9F9BC8F8D5A419 /* Pods_WeatherClothes.framework */ = {isa = PBXFileReference; explicitFileType = wrapper.framework; includeInIndex = 0; path = Pods_WeatherClothes.framework; sourceTree = BUILT_PRODUCTS_DIR; };
		4A0B082BDF5414B11A8D8183 /* Pods-WeatherClothesTests.release.xcconfig */ = {isa = PBXFileReference; includeInIndex = 1; lastKnownFileType = text.xcconfig; name = "Pods-WeatherClothesTests.release.xcconfig"; path = "Target Support Files/Pods-WeatherClothesTests/Pods-WeatherClothesTests.release.xcconfig"; sourceTree = "<group>"; };
		4ED99F4301369B74E99A5BB3 /* Pods-WeatherClothes.release.xcconfig */ = {isa = PBXFileReference; includeInIndex = 1; lastKnownFileType = text.xcconfig; name = "Pods-WeatherClothes.release.xcconfig"; path = "Target Support Files/Pods-WeatherClothes/Pods-WeatherClothes.release.xcconfig"; sourceTree = "<group>"; };
		544036DED2AAB788A5EA1C21 /* Pods_WeatherClothesTests.framework */ = {isa = PBXFileReference; explicitFileType = wrapper.framework; includeInIndex = 0; path = Pods_WeatherClothesTests.framework; sourceTree = BUILT_PRODUCTS_DIR; };
		9E16E86EC49CBE0D9DD7A75E /* Pods-WeatherClothes.debug.xcconfig */ = {isa = PBXFileReference; includeInIndex = 1; lastKnownFileType = text.xcconfig; name = "Pods-WeatherClothes.debug.xcconfig"; path = "Target Support Files/Pods-WeatherClothes/Pods-WeatherClothes.debug.xcconfig"; sourceTree = "<group>"; };
		A006C2342337916800B2A8F6 /* en */ = {isa = PBXFileReference; lastKnownFileType = text.plist.strings; name = en; path = en.lproj/InfoPlist.strings; sourceTree = "<group>"; };
		A006C2362337916D00B2A8F6 /* ru */ = {isa = PBXFileReference; lastKnownFileType = text.plist.strings; name = ru; path = ru.lproj/InfoPlist.strings; sourceTree = "<group>"; };
		A007981A237561A80090033C /* en */ = {isa = PBXFileReference; lastKnownFileType = file.storyboard; name = en; path = en.lproj/LaunchScreen.storyboard; sourceTree = "<group>"; };
		A007981E237562170090033C /* en */ = {isa = PBXFileReference; lastKnownFileType = text.plist.strings; name = en; path = en.lproj/Localizable.strings; sourceTree = "<group>"; };
		A0079820237562190090033C /* ru */ = {isa = PBXFileReference; lastKnownFileType = text.plist.strings; name = ru; path = ru.lproj/Localizable.strings; sourceTree = "<group>"; };
		A00928B3231ECE46002F9D2A /* Main.storyboard */ = {isa = PBXFileReference; fileEncoding = 4; lastKnownFileType = file.storyboard; path = Main.storyboard; sourceTree = "<group>"; };
		A0186BFB2377E22400294330 /* NotificationSettings.swift */ = {isa = PBXFileReference; lastKnownFileType = sourcecode.swift; path = NotificationSettings.swift; sourceTree = "<group>"; };
		A018E13E2358851B00614796 /* WeatherClothes.entitlements */ = {isa = PBXFileReference; lastKnownFileType = text.plist.entitlements; path = WeatherClothes.entitlements; sourceTree = "<group>"; };
		A01EA18223564824002F7850 /* SubscriptionView.xib */ = {isa = PBXFileReference; lastKnownFileType = file.xib; path = SubscriptionView.xib; sourceTree = "<group>"; };
		A0285585234E5C18003AC1DA /* ColorCollectionViewCell.swift */ = {isa = PBXFileReference; lastKnownFileType = sourcecode.swift; path = ColorCollectionViewCell.swift; sourceTree = "<group>"; };
		A0285586234E5C18003AC1DA /* ColorCollectionViewCell.xib */ = {isa = PBXFileReference; lastKnownFileType = file.xib; path = ColorCollectionViewCell.xib; sourceTree = "<group>"; };
		A041FD1C234CE53500303AA0 /* NotificationCenter.framework */ = {isa = PBXFileReference; lastKnownFileType = wrapper.framework; name = NotificationCenter.framework; path = System/Library/Frameworks/NotificationCenter.framework; sourceTree = SDKROOT; };
		A04C128D22FC811A00C82372 /* ResultTableViewCell.swift */ = {isa = PBXFileReference; lastKnownFileType = sourcecode.swift; path = ResultTableViewCell.swift; sourceTree = "<group>"; };
		A04C128E22FC811A00C82372 /* ResultTableViewCell.xib */ = {isa = PBXFileReference; lastKnownFileType = file.xib; path = ResultTableViewCell.xib; sourceTree = "<group>"; };
		A056C6522317A858003B83D3 /* HeaderView.swift */ = {isa = PBXFileReference; lastKnownFileType = sourcecode.swift; path = HeaderView.swift; sourceTree = "<group>"; };
		A056C6542317A869003B83D3 /* HeaderView.xib */ = {isa = PBXFileReference; lastKnownFileType = file.xib; path = HeaderView.xib; sourceTree = "<group>"; };
		A0698AEF2377E94500DCE5C9 /* NotificationSettings.xib */ = {isa = PBXFileReference; lastKnownFileType = file.xib; path = NotificationSettings.xib; sourceTree = "<group>"; };
		A0698AF12377EDEC00DCE5C9 /* NotificationTableViewCell.swift */ = {isa = PBXFileReference; lastKnownFileType = sourcecode.swift; path = NotificationTableViewCell.swift; sourceTree = "<group>"; };
		A0698AF22377EDEC00DCE5C9 /* NotificationTableViewCell.xib */ = {isa = PBXFileReference; lastKnownFileType = file.xib; path = NotificationTableViewCell.xib; sourceTree = "<group>"; };
		A0698AF52377EFEB00DCE5C9 /* SetValueTableViewCell.swift */ = {isa = PBXFileReference; lastKnownFileType = sourcecode.swift; path = SetValueTableViewCell.swift; sourceTree = "<group>"; };
		A0698AF62377EFEB00DCE5C9 /* SetValueTableViewCell.xib */ = {isa = PBXFileReference; lastKnownFileType = file.xib; path = SetValueTableViewCell.xib; sourceTree = "<group>"; };
		A0698AF92377F14500DCE5C9 /* TimePickerTableViewCell.swift */ = {isa = PBXFileReference; lastKnownFileType = sourcecode.swift; path = TimePickerTableViewCell.swift; sourceTree = "<group>"; };
		A0698AFA2377F14500DCE5C9 /* TimePickerTableViewCell.xib */ = {isa = PBXFileReference; lastKnownFileType = file.xib; path = TimePickerTableViewCell.xib; sourceTree = "<group>"; };
		A0698AFD2377F28600DCE5C9 /* ButtonTableViewCell.swift */ = {isa = PBXFileReference; lastKnownFileType = sourcecode.swift; path = ButtonTableViewCell.swift; sourceTree = "<group>"; };
		A0698AFE2377F28600DCE5C9 /* ButtonTableViewCell.xib */ = {isa = PBXFileReference; lastKnownFileType = file.xib; path = ButtonTableViewCell.xib; sourceTree = "<group>"; };
		A0773E0E230C0BFB007C202B /* Magnitogorsk.gpx */ = {isa = PBXFileReference; lastKnownFileType = text.xml; path = Magnitogorsk.gpx; sourceTree = "<group>"; };
		A0773E0F230D8B23007C202B /* Clothes.swift */ = {isa = PBXFileReference; lastKnownFileType = sourcecode.swift; name = Clothes.swift; path = ../Clothes.swift; sourceTree = "<group>"; };
		A0967FF6236809D00066B8E7 /* Notifications.swift */ = {isa = PBXFileReference; lastKnownFileType = sourcecode.swift; path = Notifications.swift; sourceTree = "<group>"; };
		A0967FF823680E510066B8E7 /* 1234.png */ = {isa = PBXFileReference; lastKnownFileType = image.png; name = 1234.png; path = ../../../../Desktop/1234.png; sourceTree = "<group>"; };
		A099E222231D8777002AC664 /* HomeViewController.swift */ = {isa = PBXFileReference; lastKnownFileType = sourcecode.swift; path = HomeViewController.swift; sourceTree = "<group>"; };
		A0B5B8992358DD670028808E /* Chelyabinsk.gpx */ = {isa = PBXFileReference; lastKnownFileType = text.xml; path = Chelyabinsk.gpx; sourceTree = "<group>"; };
		A0BCA53C230B077E00407757 /* ContainerViewController.swift */ = {isa = PBXFileReference; lastKnownFileType = sourcecode.swift; path = ContainerViewController.swift; sourceTree = "<group>"; };
		A0BCA53E230B078B00407757 /* MenuViewController.swift */ = {isa = PBXFileReference; lastKnownFileType = sourcecode.swift; path = MenuViewController.swift; sourceTree = "<group>"; };
		A0BCA544230B228C00407757 /* MenuTableViewCell.swift */ = {isa = PBXFileReference; lastKnownFileType = sourcecode.swift; path = MenuTableViewCell.swift; sourceTree = "<group>"; };
		A0BCA545230B228C00407757 /* MenuTableViewCell.xib */ = {isa = PBXFileReference; lastKnownFileType = file.xib; path = MenuTableViewCell.xib; sourceTree = "<group>"; };
		A0BF269723773886008D50E1 /* DoubleImageViewsView.swift */ = {isa = PBXFileReference; lastKnownFileType = sourcecode.swift; path = DoubleImageViewsView.swift; sourceTree = "<group>"; };
		A0BF2699237738B5008D50E1 /* DoubleImageViewsView.xib */ = {isa = PBXFileReference; lastKnownFileType = file.xib; path = DoubleImageViewsView.xib; sourceTree = "<group>"; };
		A0C37601234DEF1800E4604B /* TypeCollectionViewCell.swift */ = {isa = PBXFileReference; lastKnownFileType = sourcecode.swift; path = TypeCollectionViewCell.swift; sourceTree = "<group>"; };
		A0C37602234DEF1800E4604B /* TypeCollectionViewCell.xib */ = {isa = PBXFileReference; lastKnownFileType = file.xib; path = TypeCollectionViewCell.xib; sourceTree = "<group>"; };
		A0C37605234E314E00E4604B /* Clothe.swift */ = {isa = PBXFileReference; lastKnownFileType = sourcecode.swift; path = Clothe.swift; sourceTree = "<group>"; };
		A0CD2FED235211D60069D6FB /* InventoryViewController.swift */ = {isa = PBXFileReference; lastKnownFileType = sourcecode.swift; name = InventoryViewController.swift; path = /Users/butkovskiylev/Documents/BlueBeakStd/WeatherClothes/WeatherClothes/ViewControllers/InventoryViewController.swift; sourceTree = "<absolute>"; };
		A0DDFF73235E1CD000344ABB /* Assets.xcassets */ = {isa = PBXFileReference; lastKnownFileType = folder.assetcatalog; path = Assets.xcassets; sourceTree = "<group>"; };
		A0DE2942237AF91A00B7E1B9 /* Appearance.swift */ = {isa = PBXFileReference; lastKnownFileType = sourcecode.swift; path = Appearance.swift; sourceTree = "<group>"; };
		A0E67C7023476285008D8926 /* Settings.swift */ = {isa = PBXFileReference; lastKnownFileType = sourcecode.swift; name = Settings.swift; path = ../Settings.swift; sourceTree = "<group>"; };
		A0E9BE172376EA65004C922D /* painting.gif */ = {isa = PBXFileReference; lastKnownFileType = image.gif; name = painting.gif; path = ../../../../Downloads/painting.gif; sourceTree = "<group>"; };
		A0EC77E423156B720080B7B1 /* Inventory.swift */ = {isa = PBXFileReference; lastKnownFileType = sourcecode.swift; path = Inventory.swift; sourceTree = "<group>"; };
		A0EF386A22EC623500A980CC /* WeatherClothes.app */ = {isa = PBXFileReference; explicitFileType = wrapper.application; includeInIndex = 0; path = WeatherClothes.app; sourceTree = BUILT_PRODUCTS_DIR; };
		A0EF386D22EC623500A980CC /* AppDelegate.swift */ = {isa = PBXFileReference; lastKnownFileType = sourcecode.swift; path = AppDelegate.swift; sourceTree = "<group>"; };
		A0EF387522EC623500A980CC /* WeatherClothes.xcdatamodel */ = {isa = PBXFileReference; lastKnownFileType = wrapper.xcdatamodel; path = WeatherClothes.xcdatamodel; sourceTree = "<group>"; };
		A0EF387C22EC623700A980CC /* Info.plist */ = {isa = PBXFileReference; lastKnownFileType = text.plist.xml; path = Info.plist; sourceTree = "<group>"; };
		A0EF388122EC623700A980CC /* WeatherClothesTests.xctest */ = {isa = PBXFileReference; explicitFileType = wrapper.cfbundle; includeInIndex = 0; path = WeatherClothesTests.xctest; sourceTree = BUILT_PRODUCTS_DIR; };
		A0EF388522EC623700A980CC /* WeatherClothesTests.swift */ = {isa = PBXFileReference; lastKnownFileType = sourcecode.swift; path = WeatherClothesTests.swift; sourceTree = "<group>"; };
		A0EF388722EC623700A980CC /* Info.plist */ = {isa = PBXFileReference; lastKnownFileType = text.plist.xml; path = Info.plist; sourceTree = "<group>"; };
		A0EF388C22EC623700A980CC /* WeatherClothesUITests.xctest */ = {isa = PBXFileReference; explicitFileType = wrapper.cfbundle; includeInIndex = 0; path = WeatherClothesUITests.xctest; sourceTree = BUILT_PRODUCTS_DIR; };
		A0EF389022EC623700A980CC /* WeatherClothesUITests.swift */ = {isa = PBXFileReference; lastKnownFileType = sourcecode.swift; path = WeatherClothesUITests.swift; sourceTree = "<group>"; };
		A0EF389222EC623700A980CC /* Info.plist */ = {isa = PBXFileReference; lastKnownFileType = text.plist.xml; path = Info.plist; sourceTree = "<group>"; };
		A0EF38A222EC628900A980CC /* API.swift */ = {isa = PBXFileReference; lastKnownFileType = sourcecode.swift; name = API.swift; path = ../API.swift; sourceTree = "<group>"; };
		A0F270962354C78C00E3C814 /* ScrollableImagesView.xib */ = {isa = PBXFileReference; lastKnownFileType = file.xib; path = ScrollableImagesView.xib; sourceTree = "<group>"; };
		A0F270982354C7EA00E3C814 /* ScrollableImagesView.swift */ = {isa = PBXFileReference; lastKnownFileType = sourcecode.swift; path = ScrollableImagesView.swift; sourceTree = "<group>"; };
		A0F35CD42379C140009A4730 /* Dubai.gpx */ = {isa = PBXFileReference; lastKnownFileType = text.xml; path = Dubai.gpx; sourceTree = "<group>"; };
		A0F3611122F992C400906528 /* Weather.swift */ = {isa = PBXFileReference; lastKnownFileType = sourcecode.swift; path = Weather.swift; sourceTree = "<group>"; };
		A0F3611522F9DBB900906528 /* InventoryTableViewCell.swift */ = {isa = PBXFileReference; lastKnownFileType = sourcecode.swift; path = InventoryTableViewCell.swift; sourceTree = "<group>"; };
		A0F3611622F9DBB900906528 /* InventoryTableViewCell.xib */ = {isa = PBXFileReference; lastKnownFileType = file.xib; path = InventoryTableViewCell.xib; sourceTree = "<group>"; };
		A0F3611922FAA61900906528 /* AddClotheViewController.swift */ = {isa = PBXFileReference; lastKnownFileType = sourcecode.swift; path = AddClotheViewController.swift; sourceTree = "<group>"; };
		DEC3C851255E1A1AE20EC10B /* Pods-WeatherClothesUITests.debug.xcconfig */ = {isa = PBXFileReference; includeInIndex = 1; lastKnownFileType = text.xcconfig; name = "Pods-WeatherClothesUITests.debug.xcconfig"; path = "Target Support Files/Pods-WeatherClothesUITests/Pods-WeatherClothesUITests.debug.xcconfig"; sourceTree = "<group>"; };
		F0B22A9676C15D1160572CE3 /* Pods_WeatherClothesUITests.framework */ = {isa = PBXFileReference; explicitFileType = wrapper.framework; includeInIndex = 0; path = Pods_WeatherClothesUITests.framework; sourceTree = BUILT_PRODUCTS_DIR; };
/* End PBXFileReference section */

/* Begin PBXFrameworksBuildPhase section */
		A0EF386722EC623500A980CC /* Frameworks */ = {
			isa = PBXFrameworksBuildPhase;
			buildActionMask = 2147483647;
			files = (
				19E19C93B01250E78C8EBDFB /* Pods_WeatherClothes.framework in Frameworks */,
			);
			runOnlyForDeploymentPostprocessing = 0;
		};
		A0EF387E22EC623700A980CC /* Frameworks */ = {
			isa = PBXFrameworksBuildPhase;
			buildActionMask = 2147483647;
			files = (
				C719080A8EDB5904B15243EB /* Pods_WeatherClothesTests.framework in Frameworks */,
			);
			runOnlyForDeploymentPostprocessing = 0;
		};
		A0EF388922EC623700A980CC /* Frameworks */ = {
			isa = PBXFrameworksBuildPhase;
			buildActionMask = 2147483647;
			files = (
				A11F0824115B0A669F775219 /* Pods_WeatherClothesUITests.framework in Frameworks */,
			);
			runOnlyForDeploymentPostprocessing = 0;
		};
/* End PBXFrameworksBuildPhase section */

/* Begin PBXGroup section */
		04E2AF4A5C839C03FBA749B4 /* Pods */ = {
			isa = PBXGroup;
			children = (
				9E16E86EC49CBE0D9DD7A75E /* Pods-WeatherClothes.debug.xcconfig */,
				4ED99F4301369B74E99A5BB3 /* Pods-WeatherClothes.release.xcconfig */,
				37D71E9DC93CDCDFE048F598 /* Pods-WeatherClothesTests.debug.xcconfig */,
				4A0B082BDF5414B11A8D8183 /* Pods-WeatherClothesTests.release.xcconfig */,
				DEC3C851255E1A1AE20EC10B /* Pods-WeatherClothesUITests.debug.xcconfig */,
				0C970EDEF4A2F81CAD8E6E09 /* Pods-WeatherClothesUITests.release.xcconfig */,
			);
			path = Pods;
			sourceTree = "<group>";
		};
		A056C65623181759003B83D3 /* Localizable */ = {
			isa = PBXGroup;
			children = (
				A007981F237562170090033C /* Localizable.strings */,
			);
			path = Localizable;
			sourceTree = "<group>";
		};
		A0773E0D230C0BE7007C202B /* Location */ = {
			isa = PBXGroup;
			children = (
				A0773E0E230C0BFB007C202B /* Magnitogorsk.gpx */,
				A0B5B8992358DD670028808E /* Chelyabinsk.gpx */,
				A0F35CD42379C140009A4730 /* Dubai.gpx */,
			);
			path = Location;
			sourceTree = "<group>";
		};
		A0A81DB4231AF889003EA87D /* Model */ = {
			isa = PBXGroup;
			children = (
				A0E67C7023476285008D8926 /* Settings.swift */,
				A0EC77E423156B720080B7B1 /* Inventory.swift */,
				A0EF38A222EC628900A980CC /* API.swift */,
				A0F3611122F992C400906528 /* Weather.swift */,
				A0C37605234E314E00E4604B /* Clothe.swift */,
				A0773E0F230D8B23007C202B /* Clothes.swift */,
				A0967FF6236809D00066B8E7 /* Notifications.swift */,
				A0DE2942237AF91A00B7E1B9 /* Appearance.swift */,
			);
			path = Model;
			sourceTree = "<group>";
		};
		A0A81DB5231AF8A2003EA87D /* ViewControllers */ = {
			isa = PBXGroup;
			children = (
				A0E6F1D523244AAA00656EC7 /* Views */,
				A0A81DB6231AF8B6003EA87D /* Cells */,
				A0BCA53C230B077E00407757 /* ContainerViewController.swift */,
				A0CD2FED235211D60069D6FB /* InventoryViewController.swift */,
				A099E222231D8777002AC664 /* HomeViewController.swift */,
				A01EA18223564824002F7850 /* SubscriptionView.xib */,
				A0BCA53E230B078B00407757 /* MenuViewController.swift */,
				A0F3611922FAA61900906528 /* AddClotheViewController.swift */,
			);
			path = ViewControllers;
			sourceTree = "<group>";
		};
		A0A81DB6231AF8B6003EA87D /* Cells */ = {
			isa = PBXGroup;
			children = (
				A0F3611522F9DBB900906528 /* InventoryTableViewCell.swift */,
				A0F3611622F9DBB900906528 /* InventoryTableViewCell.xib */,
				A04C128D22FC811A00C82372 /* ResultTableViewCell.swift */,
				A04C128E22FC811A00C82372 /* ResultTableViewCell.xib */,
				A0BCA544230B228C00407757 /* MenuTableViewCell.swift */,
				A0BCA545230B228C00407757 /* MenuTableViewCell.xib */,
				A056C6522317A858003B83D3 /* HeaderView.swift */,
				A056C6542317A869003B83D3 /* HeaderView.xib */,
				A0285585234E5C18003AC1DA /* ColorCollectionViewCell.swift */,
				A0285586234E5C18003AC1DA /* ColorCollectionViewCell.xib */,
				A0C37601234DEF1800E4604B /* TypeCollectionViewCell.swift */,
				A0C37602234DEF1800E4604B /* TypeCollectionViewCell.xib */,
				A0698AF12377EDEC00DCE5C9 /* NotificationTableViewCell.swift */,
				A0698AF22377EDEC00DCE5C9 /* NotificationTableViewCell.xib */,
				A0698AF52377EFEB00DCE5C9 /* SetValueTableViewCell.swift */,
				A0698AF62377EFEB00DCE5C9 /* SetValueTableViewCell.xib */,
				A0698AF92377F14500DCE5C9 /* TimePickerTableViewCell.swift */,
				A0698AFA2377F14500DCE5C9 /* TimePickerTableViewCell.xib */,
				A0698AFD2377F28600DCE5C9 /* ButtonTableViewCell.swift */,
				A0698AFE2377F28600DCE5C9 /* ButtonTableViewCell.xib */,
			);
			path = Cells;
			sourceTree = "<group>";
		};
		A0E6F1D523244AAA00656EC7 /* Views */ = {
			isa = PBXGroup;
			children = (
				A0BF2699237738B5008D50E1 /* DoubleImageViewsView.xib */,
				A0BF269723773886008D50E1 /* DoubleImageViewsView.swift */,
				A0F270962354C78C00E3C814 /* ScrollableImagesView.xib */,
				A0F270982354C7EA00E3C814 /* ScrollableImagesView.swift */,
				A0186BFB2377E22400294330 /* NotificationSettings.swift */,
				A0698AEF2377E94500DCE5C9 /* NotificationSettings.xib */,
			);
			path = Views;
			sourceTree = "<group>";
		};
		A0EF386122EC623500A980CC = {
			isa = PBXGroup;
			children = (
				A0EF386C22EC623500A980CC /* WeatherClothes */,
				A0EF388422EC623700A980CC /* WeatherClothesTests */,
				A0EF388F22EC623700A980CC /* WeatherClothesUITests */,
				A0EF386B22EC623500A980CC /* Products */,
				04E2AF4A5C839C03FBA749B4 /* Pods */,
				BD41A42303FF5863A5906C70 /* Frameworks */,
			);
			sourceTree = "<group>";
		};
		A0EF386B22EC623500A980CC /* Products */ = {
			isa = PBXGroup;
			children = (
				A0EF386A22EC623500A980CC /* WeatherClothes.app */,
				A0EF388122EC623700A980CC /* WeatherClothesTests.xctest */,
				A0EF388C22EC623700A980CC /* WeatherClothesUITests.xctest */,
			);
			name = Products;
			sourceTree = "<group>";
		};
		A0EF386C22EC623500A980CC /* WeatherClothes */ = {
			isa = PBXGroup;
			children = (
				A0E9BE172376EA65004C922D /* painting.gif */,
				A018E13E2358851B00614796 /* WeatherClothes.entitlements */,
				A0A81DB5231AF8A2003EA87D /* ViewControllers */,
				A0A81DB4231AF889003EA87D /* Model */,
				A056C65623181759003B83D3 /* Localizable */,
				A0967FF823680E510066B8E7 /* 1234.png */,
				A0773E0D230C0BE7007C202B /* Location */,
				A0EF386D22EC623500A980CC /* AppDelegate.swift */,
				A00928B3231ECE46002F9D2A /* Main.storyboard */,
				A0DDFF73235E1CD000344ABB /* Assets.xcassets */,
				A0EF387922EC623700A980CC /* LaunchScreen.storyboard */,
				A0EF387C22EC623700A980CC /* Info.plist */,
				A0EF387422EC623500A980CC /* WeatherClothes.xcdatamodeld */,
				A006C2352337916800B2A8F6 /* InfoPlist.strings */,
			);
			path = WeatherClothes;
			sourceTree = "<group>";
		};
		A0EF388422EC623700A980CC /* WeatherClothesTests */ = {
			isa = PBXGroup;
			children = (
				A0EF388522EC623700A980CC /* WeatherClothesTests.swift */,
				A0EF388722EC623700A980CC /* Info.plist */,
			);
			path = WeatherClothesTests;
			sourceTree = "<group>";
		};
		A0EF388F22EC623700A980CC /* WeatherClothesUITests */ = {
			isa = PBXGroup;
			children = (
				A0EF389022EC623700A980CC /* WeatherClothesUITests.swift */,
				A0EF389222EC623700A980CC /* Info.plist */,
			);
			path = WeatherClothesUITests;
			sourceTree = "<group>";
		};
		BD41A42303FF5863A5906C70 /* Frameworks */ = {
			isa = PBXGroup;
			children = (
				3AC420B1EE9F9BC8F8D5A419 /* Pods_WeatherClothes.framework */,
				544036DED2AAB788A5EA1C21 /* Pods_WeatherClothesTests.framework */,
				F0B22A9676C15D1160572CE3 /* Pods_WeatherClothesUITests.framework */,
				A041FD1C234CE53500303AA0 /* NotificationCenter.framework */,
			);
			name = Frameworks;
			sourceTree = "<group>";
		};
/* End PBXGroup section */

/* Begin PBXNativeTarget section */
		A0EF386922EC623500A980CC /* WeatherClothes */ = {
			isa = PBXNativeTarget;
			buildConfigurationList = A0EF389522EC623700A980CC /* Build configuration list for PBXNativeTarget "WeatherClothes" */;
			buildPhases = (
				B581F3B5AA973FE4DE4C0E33 /* [CP] Check Pods Manifest.lock */,
				A0EF386622EC623500A980CC /* Sources */,
				A0EF386722EC623500A980CC /* Frameworks */,
				A0EF386822EC623500A980CC /* Resources */,
				1BCE46031AA343E30554E507 /* [CP] Embed Pods Frameworks */,
				A041FD2B234CE53500303AA0 /* Embed App Extensions */,
			);
			buildRules = (
			);
			dependencies = (
			);
			name = WeatherClothes;
			productName = WeatherClothes;
			productReference = A0EF386A22EC623500A980CC /* WeatherClothes.app */;
			productType = "com.apple.product-type.application";
		};
		A0EF388022EC623700A980CC /* WeatherClothesTests */ = {
			isa = PBXNativeTarget;
			buildConfigurationList = A0EF389822EC623700A980CC /* Build configuration list for PBXNativeTarget "WeatherClothesTests" */;
			buildPhases = (
				9715C0BE7C3442345E0C2ED4 /* [CP] Check Pods Manifest.lock */,
				A0EF387D22EC623700A980CC /* Sources */,
				A0EF387E22EC623700A980CC /* Frameworks */,
				A0EF387F22EC623700A980CC /* Resources */,
			);
			buildRules = (
			);
			dependencies = (
				A0EF388322EC623700A980CC /* PBXTargetDependency */,
			);
			name = WeatherClothesTests;
			productName = WeatherClothesTests;
			productReference = A0EF388122EC623700A980CC /* WeatherClothesTests.xctest */;
			productType = "com.apple.product-type.bundle.unit-test";
		};
		A0EF388B22EC623700A980CC /* WeatherClothesUITests */ = {
			isa = PBXNativeTarget;
			buildConfigurationList = A0EF389B22EC623700A980CC /* Build configuration list for PBXNativeTarget "WeatherClothesUITests" */;
			buildPhases = (
				09AB0D9D0C86E3C0DF96701F /* [CP] Check Pods Manifest.lock */,
				A0EF388822EC623700A980CC /* Sources */,
				A0EF388922EC623700A980CC /* Frameworks */,
				A0EF388A22EC623700A980CC /* Resources */,
			);
			buildRules = (
			);
			dependencies = (
				A0EF388E22EC623700A980CC /* PBXTargetDependency */,
			);
			name = WeatherClothesUITests;
			productName = WeatherClothesUITests;
			productReference = A0EF388C22EC623700A980CC /* WeatherClothesUITests.xctest */;
			productType = "com.apple.product-type.bundle.ui-testing";
		};
/* End PBXNativeTarget section */

/* Begin PBXProject section */
		A0EF386222EC623500A980CC /* Project object */ = {
			isa = PBXProject;
			attributes = {
				LastSwiftUpdateCheck = 1030;
				LastUpgradeCheck = 1030;
				ORGANIZATIONNAME = "Lev Butkovskiy";
				TargetAttributes = {
					A0EF386922EC623500A980CC = {
						CreatedOnToolsVersion = 10.3;
						SystemCapabilities = {
							com.apple.Push = {
								enabled = 1;
							};
						};
					};
					A0EF388022EC623700A980CC = {
						CreatedOnToolsVersion = 10.3;
						TestTargetID = A0EF386922EC623500A980CC;
					};
					A0EF388B22EC623700A980CC = {
						CreatedOnToolsVersion = 10.3;
						TestTargetID = A0EF386922EC623500A980CC;
					};
				};
			};
			buildConfigurationList = A0EF386522EC623500A980CC /* Build configuration list for PBXProject "WeatherClothes" */;
			compatibilityVersion = "Xcode 9.3";
			developmentRegion = en;
			hasScannedForEncodings = 0;
			knownRegions = (
				en,
				ru,
			);
			mainGroup = A0EF386122EC623500A980CC;
			productRefGroup = A0EF386B22EC623500A980CC /* Products */;
			projectDirPath = "";
			projectRoot = "";
			targets = (
				A0EF386922EC623500A980CC /* WeatherClothes */,
				A0EF388022EC623700A980CC /* WeatherClothesTests */,
				A0EF388B22EC623700A980CC /* WeatherClothesUITests */,
			);
		};
/* End PBXProject section */

/* Begin PBXResourcesBuildPhase section */
		A0EF386822EC623500A980CC /* Resources */ = {
			isa = PBXResourcesBuildPhase;
			buildActionMask = 2147483647;
			files = (
				A0BF269A237738B5008D50E1 /* DoubleImageViewsView.xib in Resources */,
				A04C129022FC811A00C82372 /* ResultTableViewCell.xib in Resources */,
				A0698AF02377E94500DCE5C9 /* NotificationSettings.xib in Resources */,
				A0698AF82377EFEB00DCE5C9 /* SetValueTableViewCell.xib in Resources */,
				A00928B4231ECE46002F9D2A /* Main.storyboard in Resources */,
				A0BCA547230B228C00407757 /* MenuTableViewCell.xib in Resources */,
				A007981D237562170090033C /* Localizable.strings in Resources */,
				A0C37604234DEF1800E4604B /* TypeCollectionViewCell.xib in Resources */,
				A0E9BE182376EA65004C922D /* painting.gif in Resources */,
				A0698AF42377EDEC00DCE5C9 /* NotificationTableViewCell.xib in Resources */,
				A0698B002377F28600DCE5C9 /* ButtonTableViewCell.xib in Resources */,
				A0F3611822F9DBB900906528 /* InventoryTableViewCell.xib in Resources */,
				A056C6552317A869003B83D3 /* HeaderView.xib in Resources */,
				A0DDFF74235E1CD000344ABB /* Assets.xcassets in Resources */,
				A0EF387B22EC623700A980CC /* LaunchScreen.storyboard in Resources */,
				A006C2332337916800B2A8F6 /* InfoPlist.strings in Resources */,
				A01EA18323564824002F7850 /* SubscriptionView.xib in Resources */,
				A0698AFC2377F14500DCE5C9 /* TimePickerTableViewCell.xib in Resources */,
				A0F270972354C78C00E3C814 /* ScrollableImagesView.xib in Resources */,
				A0285588234E5C18003AC1DA /* ColorCollectionViewCell.xib in Resources */,
				A0967FF923680E510066B8E7 /* 1234.png in Resources */,
			);
			runOnlyForDeploymentPostprocessing = 0;
		};
		A0EF387F22EC623700A980CC /* Resources */ = {
			isa = PBXResourcesBuildPhase;
			buildActionMask = 2147483647;
			files = (
			);
			runOnlyForDeploymentPostprocessing = 0;
		};
		A0EF388A22EC623700A980CC /* Resources */ = {
			isa = PBXResourcesBuildPhase;
			buildActionMask = 2147483647;
			files = (
			);
			runOnlyForDeploymentPostprocessing = 0;
		};
/* End PBXResourcesBuildPhase section */

/* Begin PBXShellScriptBuildPhase section */
		09AB0D9D0C86E3C0DF96701F /* [CP] Check Pods Manifest.lock */ = {
			isa = PBXShellScriptBuildPhase;
			buildActionMask = 2147483647;
			files = (
			);
			inputFileListPaths = (
			);
			inputPaths = (
				"${PODS_PODFILE_DIR_PATH}/Podfile.lock",
				"${PODS_ROOT}/Manifest.lock",
			);
			name = "[CP] Check Pods Manifest.lock";
			outputFileListPaths = (
			);
			outputPaths = (
				"$(DERIVED_FILE_DIR)/Pods-WeatherClothesUITests-checkManifestLockResult.txt",
			);
			runOnlyForDeploymentPostprocessing = 0;
			shellPath = /bin/sh;
			shellScript = "diff \"${PODS_PODFILE_DIR_PATH}/Podfile.lock\" \"${PODS_ROOT}/Manifest.lock\" > /dev/null\nif [ $? != 0 ] ; then\n    # print error to STDERR\n    echo \"error: The sandbox is not in sync with the Podfile.lock. Run 'pod install' or update your CocoaPods installation.\" >&2\n    exit 1\nfi\n# This output is used by Xcode 'outputs' to avoid re-running this script phase.\necho \"SUCCESS\" > \"${SCRIPT_OUTPUT_FILE_0}\"\n";
			showEnvVarsInLog = 0;
		};
		1BCE46031AA343E30554E507 /* [CP] Embed Pods Frameworks */ = {
			isa = PBXShellScriptBuildPhase;
			buildActionMask = 2147483647;
			files = (
			);
			inputFileListPaths = (
				"${PODS_ROOT}/Target Support Files/Pods-WeatherClothes/Pods-WeatherClothes-frameworks-${CONFIGURATION}-input-files.xcfilelist",
			);
			name = "[CP] Embed Pods Frameworks";
			outputFileListPaths = (
				"${PODS_ROOT}/Target Support Files/Pods-WeatherClothes/Pods-WeatherClothes-frameworks-${CONFIGURATION}-output-files.xcfilelist",
			);
			runOnlyForDeploymentPostprocessing = 0;
			shellPath = /bin/sh;
			shellScript = "\"${PODS_ROOT}/Target Support Files/Pods-WeatherClothes/Pods-WeatherClothes-frameworks.sh\"\n";
			showEnvVarsInLog = 0;
		};
		9715C0BE7C3442345E0C2ED4 /* [CP] Check Pods Manifest.lock */ = {
			isa = PBXShellScriptBuildPhase;
			buildActionMask = 2147483647;
			files = (
			);
			inputFileListPaths = (
			);
			inputPaths = (
				"${PODS_PODFILE_DIR_PATH}/Podfile.lock",
				"${PODS_ROOT}/Manifest.lock",
			);
			name = "[CP] Check Pods Manifest.lock";
			outputFileListPaths = (
			);
			outputPaths = (
				"$(DERIVED_FILE_DIR)/Pods-WeatherClothesTests-checkManifestLockResult.txt",
			);
			runOnlyForDeploymentPostprocessing = 0;
			shellPath = /bin/sh;
			shellScript = "diff \"${PODS_PODFILE_DIR_PATH}/Podfile.lock\" \"${PODS_ROOT}/Manifest.lock\" > /dev/null\nif [ $? != 0 ] ; then\n    # print error to STDERR\n    echo \"error: The sandbox is not in sync with the Podfile.lock. Run 'pod install' or update your CocoaPods installation.\" >&2\n    exit 1\nfi\n# This output is used by Xcode 'outputs' to avoid re-running this script phase.\necho \"SUCCESS\" > \"${SCRIPT_OUTPUT_FILE_0}\"\n";
			showEnvVarsInLog = 0;
		};
		B581F3B5AA973FE4DE4C0E33 /* [CP] Check Pods Manifest.lock */ = {
			isa = PBXShellScriptBuildPhase;
			buildActionMask = 2147483647;
			files = (
			);
			inputFileListPaths = (
			);
			inputPaths = (
				"${PODS_PODFILE_DIR_PATH}/Podfile.lock",
				"${PODS_ROOT}/Manifest.lock",
			);
			name = "[CP] Check Pods Manifest.lock";
			outputFileListPaths = (
			);
			outputPaths = (
				"$(DERIVED_FILE_DIR)/Pods-WeatherClothes-checkManifestLockResult.txt",
			);
			runOnlyForDeploymentPostprocessing = 0;
			shellPath = /bin/sh;
			shellScript = "diff \"${PODS_PODFILE_DIR_PATH}/Podfile.lock\" \"${PODS_ROOT}/Manifest.lock\" > /dev/null\nif [ $? != 0 ] ; then\n    # print error to STDERR\n    echo \"error: The sandbox is not in sync with the Podfile.lock. Run 'pod install' or update your CocoaPods installation.\" >&2\n    exit 1\nfi\n# This output is used by Xcode 'outputs' to avoid re-running this script phase.\necho \"SUCCESS\" > \"${SCRIPT_OUTPUT_FILE_0}\"\n";
			showEnvVarsInLog = 0;
		};
/* End PBXShellScriptBuildPhase section */

/* Begin PBXSourcesBuildPhase section */
		A0EF386622EC623500A980CC /* Sources */ = {
			isa = PBXSourcesBuildPhase;
			buildActionMask = 2147483647;
			files = (
				A0EF386E22EC623500A980CC /* AppDelegate.swift in Sources */,
				A099E223231D8777002AC664 /* HomeViewController.swift in Sources */,
				A0BCA546230B228C00407757 /* MenuTableViewCell.swift in Sources */,
				A0BF269823773886008D50E1 /* DoubleImageViewsView.swift in Sources */,
				A0773E10230D8B23007C202B /* Clothes.swift in Sources */,
				A0EF38A322EC628900A980CC /* API.swift in Sources */,
				A056C6532317A858003B83D3 /* HeaderView.swift in Sources */,
				A0F3611722F9DBB900906528 /* InventoryTableViewCell.swift in Sources */,
				A0186BFC2377E22400294330 /* NotificationSettings.swift in Sources */,
				A0698AFF2377F28600DCE5C9 /* ButtonTableViewCell.swift in Sources */,
				A0EF387622EC623500A980CC /* WeatherClothes.xcdatamodeld in Sources */,
				A0DE2943237AF91A00B7E1B9 /* Appearance.swift in Sources */,
				A0698AFB2377F14500DCE5C9 /* TimePickerTableViewCell.swift in Sources */,
				A0EC77E523156B720080B7B1 /* Inventory.swift in Sources */,
				A0285587234E5C18003AC1DA /* ColorCollectionViewCell.swift in Sources */,
				A0698AF32377EDEC00DCE5C9 /* NotificationTableViewCell.swift in Sources */,
				A0C37606234E314E00E4604B /* Clothe.swift in Sources */,
				A0F3611222F992C400906528 /* Weather.swift in Sources */,
				A0BCA53F230B078B00407757 /* MenuViewController.swift in Sources */,
				A0F270992354C7EA00E3C814 /* ScrollableImagesView.swift in Sources */,
				A0F3611A22FAA61A00906528 /* AddClotheViewController.swift in Sources */,
				A0967FF7236809D00066B8E7 /* Notifications.swift in Sources */,
				A0C37603234DEF1800E4604B /* TypeCollectionViewCell.swift in Sources */,
				A04C128F22FC811A00C82372 /* ResultTableViewCell.swift in Sources */,
				A0CD2FEE235211D60069D6FB /* InventoryViewController.swift in Sources */,
				A0BCA53D230B077E00407757 /* ContainerViewController.swift in Sources */,
				A0698AF72377EFEB00DCE5C9 /* SetValueTableViewCell.swift in Sources */,
				A0E67C7123476285008D8926 /* Settings.swift in Sources */,
			);
			runOnlyForDeploymentPostprocessing = 0;
		};
		A0EF387D22EC623700A980CC /* Sources */ = {
			isa = PBXSourcesBuildPhase;
			buildActionMask = 2147483647;
			files = (
				A0A678A823410772002C0134 /* AppDelegate.swift in Sources */,
				A0EF388622EC623700A980CC /* WeatherClothesTests.swift in Sources */,
			);
			runOnlyForDeploymentPostprocessing = 0;
		};
		A0EF388822EC623700A980CC /* Sources */ = {
			isa = PBXSourcesBuildPhase;
			buildActionMask = 2147483647;
			files = (
				A0A678A923410772002C0134 /* AppDelegate.swift in Sources */,
				A0EF389122EC623700A980CC /* WeatherClothesUITests.swift in Sources */,
			);
			runOnlyForDeploymentPostprocessing = 0;
		};
/* End PBXSourcesBuildPhase section */

/* Begin PBXTargetDependency section */
		A0EF388322EC623700A980CC /* PBXTargetDependency */ = {
			isa = PBXTargetDependency;
			target = A0EF386922EC623500A980CC /* WeatherClothes */;
			targetProxy = A0EF388222EC623700A980CC /* PBXContainerItemProxy */;
		};
		A0EF388E22EC623700A980CC /* PBXTargetDependency */ = {
			isa = PBXTargetDependency;
			target = A0EF386922EC623500A980CC /* WeatherClothes */;
			targetProxy = A0EF388D22EC623700A980CC /* PBXContainerItemProxy */;
		};
/* End PBXTargetDependency section */

/* Begin PBXVariantGroup section */
		A006C2352337916800B2A8F6 /* InfoPlist.strings */ = {
			isa = PBXVariantGroup;
			children = (
				A006C2342337916800B2A8F6 /* en */,
				A006C2362337916D00B2A8F6 /* ru */,
			);
			name = InfoPlist.strings;
			sourceTree = "<group>";
		};
		A007981F237562170090033C /* Localizable.strings */ = {
			isa = PBXVariantGroup;
			children = (
				A007981E237562170090033C /* en */,
				A0079820237562190090033C /* ru */,
			);
			name = Localizable.strings;
			sourceTree = "<group>";
		};
		A0EF387922EC623700A980CC /* LaunchScreen.storyboard */ = {
			isa = PBXVariantGroup;
			children = (
				A007981A237561A80090033C /* en */,
			);
			name = LaunchScreen.storyboard;
			sourceTree = "<group>";
		};
/* End PBXVariantGroup section */

/* Begin XCBuildConfiguration section */
		A0EF389322EC623700A980CC /* Debug */ = {
			isa = XCBuildConfiguration;
			buildSettings = {
				ALWAYS_SEARCH_USER_PATHS = NO;
				CLANG_ANALYZER_LOCALIZABILITY_NONLOCALIZED = YES;
				CLANG_ANALYZER_NONNULL = YES;
				CLANG_ANALYZER_NUMBER_OBJECT_CONVERSION = YES_AGGRESSIVE;
				CLANG_CXX_LANGUAGE_STANDARD = "gnu++14";
				CLANG_CXX_LIBRARY = "libc++";
				CLANG_ENABLE_MODULES = YES;
				CLANG_ENABLE_OBJC_ARC = YES;
				CLANG_ENABLE_OBJC_WEAK = YES;
				CLANG_WARN_BLOCK_CAPTURE_AUTORELEASING = YES;
				CLANG_WARN_BOOL_CONVERSION = YES;
				CLANG_WARN_COMMA = YES;
				CLANG_WARN_CONSTANT_CONVERSION = YES;
				CLANG_WARN_DEPRECATED_OBJC_IMPLEMENTATIONS = YES;
				CLANG_WARN_DIRECT_OBJC_ISA_USAGE = YES_ERROR;
				CLANG_WARN_DOCUMENTATION_COMMENTS = YES;
				CLANG_WARN_EMPTY_BODY = YES;
				CLANG_WARN_ENUM_CONVERSION = YES;
				CLANG_WARN_INFINITE_RECURSION = YES;
				CLANG_WARN_INT_CONVERSION = YES;
				CLANG_WARN_NON_LITERAL_NULL_CONVERSION = YES;
				CLANG_WARN_OBJC_IMPLICIT_RETAIN_SELF = YES;
				CLANG_WARN_OBJC_LITERAL_CONVERSION = YES;
				CLANG_WARN_OBJC_ROOT_CLASS = YES_ERROR;
				CLANG_WARN_RANGE_LOOP_ANALYSIS = YES;
				CLANG_WARN_STRICT_PROTOTYPES = YES;
				CLANG_WARN_SUSPICIOUS_MOVE = YES;
				CLANG_WARN_UNGUARDED_AVAILABILITY = YES_AGGRESSIVE;
				CLANG_WARN_UNREACHABLE_CODE = YES;
				CLANG_WARN__DUPLICATE_METHOD_MATCH = YES;
				CODE_SIGN_IDENTITY = "iPhone Developer";
				COPY_PHASE_STRIP = NO;
				DEBUG_INFORMATION_FORMAT = dwarf;
				ENABLE_STRICT_OBJC_MSGSEND = YES;
				ENABLE_TESTABILITY = YES;
				GCC_C_LANGUAGE_STANDARD = gnu11;
				GCC_DYNAMIC_NO_PIC = NO;
				GCC_NO_COMMON_BLOCKS = YES;
				GCC_OPTIMIZATION_LEVEL = 0;
				GCC_PREPROCESSOR_DEFINITIONS = (
					"DEBUG=1",
					"$(inherited)",
				);
				GCC_WARN_64_TO_32_BIT_CONVERSION = YES;
				GCC_WARN_ABOUT_RETURN_TYPE = YES_ERROR;
				GCC_WARN_UNDECLARED_SELECTOR = YES;
				GCC_WARN_UNINITIALIZED_AUTOS = YES_AGGRESSIVE;
				GCC_WARN_UNUSED_FUNCTION = YES;
				GCC_WARN_UNUSED_VARIABLE = YES;
				IPHONEOS_DEPLOYMENT_TARGET = 11.2;
				MTL_ENABLE_DEBUG_INFO = INCLUDE_SOURCE;
				MTL_FAST_MATH = YES;
				ONLY_ACTIVE_ARCH = YES;
				SDKROOT = iphoneos;
				SWIFT_ACTIVE_COMPILATION_CONDITIONS = DEBUG;
				SWIFT_OPTIMIZATION_LEVEL = "-Onone";
			};
			name = Debug;
		};
		A0EF389422EC623700A980CC /* Release */ = {
			isa = XCBuildConfiguration;
			buildSettings = {
				ALWAYS_SEARCH_USER_PATHS = NO;
				CLANG_ANALYZER_LOCALIZABILITY_NONLOCALIZED = YES;
				CLANG_ANALYZER_NONNULL = YES;
				CLANG_ANALYZER_NUMBER_OBJECT_CONVERSION = YES_AGGRESSIVE;
				CLANG_CXX_LANGUAGE_STANDARD = "gnu++14";
				CLANG_CXX_LIBRARY = "libc++";
				CLANG_ENABLE_MODULES = YES;
				CLANG_ENABLE_OBJC_ARC = YES;
				CLANG_ENABLE_OBJC_WEAK = YES;
				CLANG_WARN_BLOCK_CAPTURE_AUTORELEASING = YES;
				CLANG_WARN_BOOL_CONVERSION = YES;
				CLANG_WARN_COMMA = YES;
				CLANG_WARN_CONSTANT_CONVERSION = YES;
				CLANG_WARN_DEPRECATED_OBJC_IMPLEMENTATIONS = YES;
				CLANG_WARN_DIRECT_OBJC_ISA_USAGE = YES_ERROR;
				CLANG_WARN_DOCUMENTATION_COMMENTS = YES;
				CLANG_WARN_EMPTY_BODY = YES;
				CLANG_WARN_ENUM_CONVERSION = YES;
				CLANG_WARN_INFINITE_RECURSION = YES;
				CLANG_WARN_INT_CONVERSION = YES;
				CLANG_WARN_NON_LITERAL_NULL_CONVERSION = YES;
				CLANG_WARN_OBJC_IMPLICIT_RETAIN_SELF = YES;
				CLANG_WARN_OBJC_LITERAL_CONVERSION = YES;
				CLANG_WARN_OBJC_ROOT_CLASS = YES_ERROR;
				CLANG_WARN_RANGE_LOOP_ANALYSIS = YES;
				CLANG_WARN_STRICT_PROTOTYPES = YES;
				CLANG_WARN_SUSPICIOUS_MOVE = YES;
				CLANG_WARN_UNGUARDED_AVAILABILITY = YES_AGGRESSIVE;
				CLANG_WARN_UNREACHABLE_CODE = YES;
				CLANG_WARN__DUPLICATE_METHOD_MATCH = YES;
				CODE_SIGN_IDENTITY = "iPhone Developer";
				COPY_PHASE_STRIP = NO;
				DEBUG_INFORMATION_FORMAT = "dwarf-with-dsym";
				ENABLE_NS_ASSERTIONS = NO;
				ENABLE_STRICT_OBJC_MSGSEND = YES;
				GCC_C_LANGUAGE_STANDARD = gnu11;
				GCC_NO_COMMON_BLOCKS = YES;
				GCC_WARN_64_TO_32_BIT_CONVERSION = YES;
				GCC_WARN_ABOUT_RETURN_TYPE = YES_ERROR;
				GCC_WARN_UNDECLARED_SELECTOR = YES;
				GCC_WARN_UNINITIALIZED_AUTOS = YES_AGGRESSIVE;
				GCC_WARN_UNUSED_FUNCTION = YES;
				GCC_WARN_UNUSED_VARIABLE = YES;
				IPHONEOS_DEPLOYMENT_TARGET = 11.2;
				MTL_ENABLE_DEBUG_INFO = NO;
				MTL_FAST_MATH = YES;
				SDKROOT = iphoneos;
				SWIFT_COMPILATION_MODE = wholemodule;
				SWIFT_OPTIMIZATION_LEVEL = "-O";
				VALIDATE_PRODUCT = YES;
			};
			name = Release;
		};
		A0EF389622EC623700A980CC /* Debug */ = {
			isa = XCBuildConfiguration;
			baseConfigurationReference = 9E16E86EC49CBE0D9DD7A75E /* Pods-WeatherClothes.debug.xcconfig */;
			buildSettings = {
				ALWAYS_EMBED_SWIFT_STANDARD_LIBRARIES = YES;
				ASSETCATALOG_COMPILER_APPICON_NAME = AppIcon;
				ASSETCATALOG_COMPILER_LAUNCHIMAGE_NAME = LaunchImage;
				CODE_SIGN_ENTITLEMENTS = WeatherClothes/WeatherClothes.entitlements;
				CODE_SIGN_STYLE = Automatic;
				CURRENT_PROJECT_VERSION = 10;
				DEVELOPMENT_TEAM = 5J2CH3482H;
				INFOPLIST_FILE = WeatherClothes/Info.plist;
				IPHONEOS_DEPLOYMENT_TARGET = 11.2;
				LD_RUNPATH_SEARCH_PATHS = (
					"$(inherited)",
					"@executable_path/Frameworks",
				);
				PRODUCT_BUNDLE_IDENTIFIER = com.bluebeakstd.WeatherClothesI;
				PRODUCT_NAME = "$(TARGET_NAME)";
				SWIFT_VERSION = 5.0;
				TARGETED_DEVICE_FAMILY = "1,2";
			};
			name = Debug;
		};
		A0EF389722EC623700A980CC /* Release */ = {
			isa = XCBuildConfiguration;
			baseConfigurationReference = 4ED99F4301369B74E99A5BB3 /* Pods-WeatherClothes.release.xcconfig */;
			buildSettings = {
				ALWAYS_EMBED_SWIFT_STANDARD_LIBRARIES = YES;
				ASSETCATALOG_COMPILER_APPICON_NAME = AppIcon;
				ASSETCATALOG_COMPILER_LAUNCHIMAGE_NAME = LaunchImage;
				CODE_SIGN_ENTITLEMENTS = WeatherClothes/WeatherClothes.entitlements;
				CODE_SIGN_STYLE = Automatic;
				CURRENT_PROJECT_VERSION = 10;
				DEVELOPMENT_TEAM = 5J2CH3482H;
				INFOPLIST_FILE = WeatherClothes/Info.plist;
				IPHONEOS_DEPLOYMENT_TARGET = 11.2;
				LD_RUNPATH_SEARCH_PATHS = (
					"$(inherited)",
					"@executable_path/Frameworks",
				);
				PRODUCT_BUNDLE_IDENTIFIER = com.bluebeakstd.WeatherClothesI;
				PRODUCT_NAME = "$(TARGET_NAME)";
				SWIFT_VERSION = 5.0;
				TARGETED_DEVICE_FAMILY = "1,2";
			};
			name = Release;
		};
		A0EF389922EC623700A980CC /* Debug */ = {
			isa = XCBuildConfiguration;
			baseConfigurationReference = 37D71E9DC93CDCDFE048F598 /* Pods-WeatherClothesTests.debug.xcconfig */;
			buildSettings = {
				ALWAYS_EMBED_SWIFT_STANDARD_LIBRARIES = YES;
				BUNDLE_LOADER = "$(TEST_HOST)";
				CODE_SIGN_STYLE = Automatic;
				DEVELOPMENT_TEAM = 5J2CH3482H;
				INFOPLIST_FILE = WeatherClothesTests/Info.plist;
				LD_RUNPATH_SEARCH_PATHS = (
					"$(inherited)",
					"@executable_path/Frameworks",
					"@loader_path/Frameworks",
				);
				PRODUCT_BUNDLE_IDENTIFIER = bluebeakstd.WeatherClothesTests;
				PRODUCT_NAME = "$(TARGET_NAME)";
				SWIFT_VERSION = 5.0;
				TARGETED_DEVICE_FAMILY = "1,2";
				TEST_HOST = "$(BUILT_PRODUCTS_DIR)/WeatherClothes.app/WeatherClothes";
			};
			name = Debug;
		};
		A0EF389A22EC623700A980CC /* Release */ = {
			isa = XCBuildConfiguration;
			baseConfigurationReference = 4A0B082BDF5414B11A8D8183 /* Pods-WeatherClothesTests.release.xcconfig */;
			buildSettings = {
				ALWAYS_EMBED_SWIFT_STANDARD_LIBRARIES = YES;
				BUNDLE_LOADER = "$(TEST_HOST)";
				CODE_SIGN_STYLE = Automatic;
				DEVELOPMENT_TEAM = 5J2CH3482H;
				INFOPLIST_FILE = WeatherClothesTests/Info.plist;
				LD_RUNPATH_SEARCH_PATHS = (
					"$(inherited)",
					"@executable_path/Frameworks",
					"@loader_path/Frameworks",
				);
				PRODUCT_BUNDLE_IDENTIFIER = bluebeakstd.WeatherClothesTests;
				PRODUCT_NAME = "$(TARGET_NAME)";
				SWIFT_VERSION = 5.0;
				TARGETED_DEVICE_FAMILY = "1,2";
				TEST_HOST = "$(BUILT_PRODUCTS_DIR)/WeatherClothes.app/WeatherClothes";
			};
			name = Release;
		};
		A0EF389C22EC623700A980CC /* Debug */ = {
			isa = XCBuildConfiguration;
			baseConfigurationReference = DEC3C851255E1A1AE20EC10B /* Pods-WeatherClothesUITests.debug.xcconfig */;
			buildSettings = {
				ALWAYS_EMBED_SWIFT_STANDARD_LIBRARIES = YES;
				CODE_SIGN_STYLE = Automatic;
				DEVELOPMENT_TEAM = 5J2CH3482H;
				INFOPLIST_FILE = WeatherClothesUITests/Info.plist;
				LD_RUNPATH_SEARCH_PATHS = (
					"$(inherited)",
					"@executable_path/Frameworks",
					"@loader_path/Frameworks",
				);
				PRODUCT_BUNDLE_IDENTIFIER = bluebeakstd.WeatherClothesUITests;
				PRODUCT_NAME = "$(TARGET_NAME)";
				SWIFT_VERSION = 5.0;
				TARGETED_DEVICE_FAMILY = "1,2";
				TEST_TARGET_NAME = WeatherClothes;
			};
			name = Debug;
		};
		A0EF389D22EC623700A980CC /* Release */ = {
			isa = XCBuildConfiguration;
			baseConfigurationReference = 0C970EDEF4A2F81CAD8E6E09 /* Pods-WeatherClothesUITests.release.xcconfig */;
			buildSettings = {
				ALWAYS_EMBED_SWIFT_STANDARD_LIBRARIES = YES;
				CODE_SIGN_STYLE = Automatic;
				DEVELOPMENT_TEAM = 5J2CH3482H;
				INFOPLIST_FILE = WeatherClothesUITests/Info.plist;
				LD_RUNPATH_SEARCH_PATHS = (
					"$(inherited)",
					"@executable_path/Frameworks",
					"@loader_path/Frameworks",
				);
				PRODUCT_BUNDLE_IDENTIFIER = bluebeakstd.WeatherClothesUITests;
				PRODUCT_NAME = "$(TARGET_NAME)";
				SWIFT_VERSION = 5.0;
				TARGETED_DEVICE_FAMILY = "1,2";
				TEST_TARGET_NAME = WeatherClothes;
			};
			name = Release;
		};
/* End XCBuildConfiguration section */

/* Begin XCConfigurationList section */
		A0EF386522EC623500A980CC /* Build configuration list for PBXProject "WeatherClothes" */ = {
			isa = XCConfigurationList;
			buildConfigurations = (
				A0EF389322EC623700A980CC /* Debug */,
				A0EF389422EC623700A980CC /* Release */,
			);
			defaultConfigurationIsVisible = 0;
			defaultConfigurationName = Release;
		};
		A0EF389522EC623700A980CC /* Build configuration list for PBXNativeTarget "WeatherClothes" */ = {
			isa = XCConfigurationList;
			buildConfigurations = (
				A0EF389622EC623700A980CC /* Debug */,
				A0EF389722EC623700A980CC /* Release */,
			);
			defaultConfigurationIsVisible = 0;
			defaultConfigurationName = Release;
		};
		A0EF389822EC623700A980CC /* Build configuration list for PBXNativeTarget "WeatherClothesTests" */ = {
			isa = XCConfigurationList;
			buildConfigurations = (
				A0EF389922EC623700A980CC /* Debug */,
				A0EF389A22EC623700A980CC /* Release */,
			);
			defaultConfigurationIsVisible = 0;
			defaultConfigurationName = Release;
		};
		A0EF389B22EC623700A980CC /* Build configuration list for PBXNativeTarget "WeatherClothesUITests" */ = {
			isa = XCConfigurationList;
			buildConfigurations = (
				A0EF389C22EC623700A980CC /* Debug */,
				A0EF389D22EC623700A980CC /* Release */,
			);
			defaultConfigurationIsVisible = 0;
			defaultConfigurationName = Release;
		};
/* End XCConfigurationList section */

/* Begin XCVersionGroup section */
		A0EF387422EC623500A980CC /* WeatherClothes.xcdatamodeld */ = {
			isa = XCVersionGroup;
			children = (
				A0EF387522EC623500A980CC /* WeatherClothes.xcdatamodel */,
			);
			currentVersion = A0EF387522EC623500A980CC /* WeatherClothes.xcdatamodel */;
			path = WeatherClothes.xcdatamodeld;
			sourceTree = "<group>";
			versionGroupType = wrapper.xcdatamodel;
		};
/* End XCVersionGroup section */
	};
	rootObject = A0EF386222EC623500A980CC /* Project object */;
}
